
Microsoft Visual Studio Solution File, Format Version 12.00
# Visual Studio Version 17
VisualStudioVersion = 17.7.34031.279
MinimumVisualStudioVersion = 10.0.40219.1
Project("{2150E333-8FDC-42A3-9474-1A3956D46DE8}") = "Doc", "Doc", "{76016CA3-EF31-434E-B6A0-A197FA0A9FEE}"
EndProject
Project("{2150E333-8FDC-42A3-9474-1A3956D46DE8}") = "Src", "Src", "{382D089E-445C-4ED2-BE31-007C35545B9C}"
EndProject
Project("{2150E333-8FDC-42A3-9474-1A3956D46DE8}") = "Test", "Test", "{386B6697-09EE-4F7F-82C1-93FBB1F6AEF3}"
EndProject
Project("{2150E333-8FDC-42A3-9474-1A3956D46DE8}") = "Core", "Core", "{23499402-484A-42DD-BFD7-36E10BEC99A2}"
EndProject
Project("{2150E333-8FDC-42A3-9474-1A3956D46DE8}") = "Infrastructure", "Infrastructure", "{BD4BA2AF-4F37-4C6B-9801-ED14EC71CC59}"
EndProject
Project("{2150E333-8FDC-42A3-9474-1A3956D46DE8}") = "Presentation", "Presentation", "{CEC219AD-6071-4AAD-A116-2E58B91FC6EB}"
EndProject
Project("{2150E333-8FDC-42A3-9474-1A3956D46DE8}") = "Common", "Common", "{BDCA196E-AD64-4137-BC0F-627843472BF5}"
EndProject
Project("{FAE04EC0-301F-11D3-BF4B-00C04F79EFBC}") = "EmenWebStore.Domain", "EmenWebStore.Domain\EmenWebStore.Domain.csproj", "{0011B8F3-F15D-4FA4-8608-6FC017FB2262}"
EndProject
Project("{FAE04EC0-301F-11D3-BF4B-00C04F79EFBC}") = "EmenWebStore.Application", "EmenWebStore.Application\EmenWebStore.Application.csproj", "{3C0260BD-ADC8-416A-A846-A581A9E687CA}"
EndProject
Project("{FAE04EC0-301F-11D3-BF4B-00C04F79EFBC}") = "EmenWebStore.Infrastructure", "EmenWebStore.Infrastructure\EmenWebStore.Infrastructure.csproj", "{D52EB9D3-95A6-4376-924F-A8BB150AE677}"
EndProject
Project("{FAE04EC0-301F-11D3-BF4B-00C04F79EFBC}") = "EmenWebStore.Persistence", "EmenWebStore.Persistence\EmenWebStore.Persistence.csproj", "{A2C101BB-A15D-4E1D-80FB-3F58EEA1D864}"
EndProject
Project("{FAE04EC0-301F-11D3-BF4B-00C04F79EFBC}") = "EmenWebStore.Common", "EmenWebStore.Common\EmenWebStore.Common.csproj", "{DBECFF49-5BD1-471C-9669-1C7B8CD6C3BB}"
EndProject
Project("{FAE04EC0-301F-11D3-BF4B-00C04F79EFBC}") = "EndPoint.Site", "EndPoint.Site\EndPoint.Site.csproj", "{968C5405-E848-402F-94D9-86975AEB82E2}"
EndProject
Global
	GlobalSection(SolutionProperties) = preSolution
		HideSolutionNode = FALSE
	EndGlobalSection
	GlobalSection(ExtensibilityGlobals) = postSolution
		SolutionGuid = {EA7D79E8-9E35-40B9-8D30-36C51B3C8954}
	EndGlobalSection
	GlobalSection(NestedProjects) = preSolution
		{23499402-484A-42DD-BFD7-36E10BEC99A2} = {382D089E-445C-4ED2-BE31-007C35545B9C}
		{BD4BA2AF-4F37-4C6B-9801-ED14EC71CC59} = {382D089E-445C-4ED2-BE31-007C35545B9C}
		{CEC219AD-6071-4AAD-A116-2E58B91FC6EB} = {382D089E-445C-4ED2-BE31-007C35545B9C}
		{BDCA196E-AD64-4137-BC0F-627843472BF5} = {382D089E-445C-4ED2-BE31-007C35545B9C}
		{0011B8F3-F15D-4FA4-8608-6FC017FB2262} = {23499402-484A-42DD-BFD7-36E10BEC99A2}
		{3C0260BD-ADC8-416A-A846-A581A9E687CA} = {23499402-484A-42DD-BFD7-36E10BEC99A2}
		{D52EB9D3-95A6-4376-924F-A8BB150AE677} = {BD4BA2AF-4F37-4C6B-9801-ED14EC71CC59}
		{A2C101BB-A15D-4E1D-80FB-3F58EEA1D864} = {BD4BA2AF-4F37-4C6B-9801-ED14EC71CC59}
		{DBECFF49-5BD1-471C-9669-1C7B8CD6C3BB} = {BDCA196E-AD64-4137-BC0F-627843472BF5}
		{968C5405-E848-402F-94D9-86975AEB82E2} = {CEC219AD-6071-4AAD-A116-2E58B91FC6EB}
	EndGlobalSection
	GlobalSection(ProjectConfigurationPlatforms) = postSolution
	EndGlobalSection
EndGlobal
